
Microsoft Visual Studio Solution File, Format Version 12.00
# Visual Studio Version 17
VisualStudioVersion = 17.0.32112.339
MinimumVisualStudioVersion = 10.0.40219.1
Project("{2150E333-8FDC-42A3-9474-1A3956D46DE8}") = "Core", "Core", "{A6B0111C-A836-4F30-BC7D-5965567C1004}"
EndProject
Project("{2150E333-8FDC-42A3-9474-1A3956D46DE8}") = "Infrastructure", "Infrastructure", "{592FDB4D-4B45-4CC8-A614-A5FE1AF1FD78}"
EndProject
Project("{2150E333-8FDC-42A3-9474-1A3956D46DE8}") = "Presentation", "Presentation", "{E1BA821E-026F-4EC7-913F-F1A26C352B47}"
EndProject
Project("{2150E333-8FDC-42A3-9474-1A3956D46DE8}") = "Tests", "Tests", "{C55E63EC-761A-49C3-A56A-5520B69E0E9E}"
EndProject
Project("{FAE04EC0-301F-11D3-BF4B-00C04F79EFBC}") = "FoodOrder.Domain", "FoodOrder.Domain\FoodOrder.Domain.csproj", "{F77A177A-3EAF-4638-B0CC-1FE4FC6545E7}"
EndProject
Project("{FAE04EC0-301F-11D3-BF4B-00C04F79EFBC}") = "FoodOrder.Application", "FoodOrder.Application\FoodOrder.Application.csproj", "{2193C6B6-6EF2-4BAE-B9CB-443546FE9AC4}"
EndProject
Project("{FAE04EC0-301F-11D3-BF4B-00C04F79EFBC}") = "FoodOrder.Persistence", "FoodOrder.Persistence\FoodOrder.Persistence.csproj", "{B3166F39-D98B-4FB8-A2D0-FF3B79A15A1D}"
EndProject
Project("{FAE04EC0-301F-11D3-BF4B-00C04F79EFBC}") = "FoodOrder.WebApi", "FoodOrder.WebApi\FoodOrder.WebApi.csproj", "{D81D7AAD-1487-4367-9FB6-C6FC12950E7D}"
EndProject
Global
	GlobalSection(SolutionConfigurationPlatforms) = preSolution
		Debug|Any CPU = Debug|Any CPU
		Release|Any CPU = Release|Any CPU
	EndGlobalSection
	GlobalSection(ProjectConfigurationPlatforms) = postSolution
		{F77A177A-3EAF-4638-B0CC-1FE4FC6545E7}.Debug|Any CPU.ActiveCfg = Debug|Any CPU
		{F77A177A-3EAF-4638-B0CC-1FE4FC6545E7}.Debug|Any CPU.Build.0 = Debug|Any CPU
		{F77A177A-3EAF-4638-B0CC-1FE4FC6545E7}.Release|Any CPU.ActiveCfg = Release|Any CPU
		{F77A177A-3EAF-4638-B0CC-1FE4FC6545E7}.Release|Any CPU.Build.0 = Release|Any CPU
		{2193C6B6-6EF2-4BAE-B9CB-443546FE9AC4}.Debug|Any CPU.ActiveCfg = Debug|Any CPU
		{2193C6B6-6EF2-4BAE-B9CB-443546FE9AC4}.Debug|Any CPU.Build.0 = Debug|Any CPU
		{2193C6B6-6EF2-4BAE-B9CB-443546FE9AC4}.Release|Any CPU.ActiveCfg = Release|Any CPU
		{2193C6B6-6EF2-4BAE-B9CB-443546FE9AC4}.Release|Any CPU.Build.0 = Release|Any CPU
		{B3166F39-D98B-4FB8-A2D0-FF3B79A15A1D}.Debug|Any CPU.ActiveCfg = Debug|Any CPU
		{B3166F39-D98B-4FB8-A2D0-FF3B79A15A1D}.Debug|Any CPU.Build.0 = Debug|Any CPU
		{B3166F39-D98B-4FB8-A2D0-FF3B79A15A1D}.Release|Any CPU.ActiveCfg = Release|Any CPU
		{B3166F39-D98B-4FB8-A2D0-FF3B79A15A1D}.Release|Any CPU.Build.0 = Release|Any CPU
		{D81D7AAD-1487-4367-9FB6-C6FC12950E7D}.Debug|Any CPU.ActiveCfg = Debug|Any CPU
		{D81D7AAD-1487-4367-9FB6-C6FC12950E7D}.Debug|Any CPU.Build.0 = Debug|Any CPU
		{D81D7AAD-1487-4367-9FB6-C6FC12950E7D}.Release|Any CPU.ActiveCfg = Release|Any CPU
		{D81D7AAD-1487-4367-9FB6-C6FC12950E7D}.Release|Any CPU.Build.0 = Release|Any CPU
	EndGlobalSection
	GlobalSection(SolutionProperties) = preSolution
		HideSolutionNode = FALSE
	EndGlobalSection
	GlobalSection(NestedProjects) = preSolution
		{F77A177A-3EAF-4638-B0CC-1FE4FC6545E7} = {A6B0111C-A836-4F30-BC7D-5965567C1004}
		{2193C6B6-6EF2-4BAE-B9CB-443546FE9AC4} = {A6B0111C-A836-4F30-BC7D-5965567C1004}
		{B3166F39-D98B-4FB8-A2D0-FF3B79A15A1D} = {592FDB4D-4B45-4CC8-A614-A5FE1AF1FD78}
		{D81D7AAD-1487-4367-9FB6-C6FC12950E7D} = {E1BA821E-026F-4EC7-913F-F1A26C352B47}
	EndGlobalSection
	GlobalSection(ExtensibilityGlobals) = postSolution
		SolutionGuid = {24458C4B-F6F3-48AD-A0B6-597FAB128D8A}
	EndGlobalSection
EndGlobal
